Microsoft Visual Studio Solution File, Format Version 12.00
# Visual Studio Version 17
VisualStudioVersion = 17.13.35825.156
MinimumVisualStudioVersion = 10.0.40219.1
Project("{FAE04EC0-301F-11D3-BF4B-00C04F79EFBC}") = "SistemaCadastro", "SistemaCadastro\SistemaCadastro.csproj", "{D176F122-C0B2-463E-852E-F318A5EBE9F4}"
EndProject
Global
	GlobalSection(SolutionConfigurationPlatforms) = preSolution
		Debug|Any CPU = Debug|Any CPU
		Release|Any CPU = Release|Any CPU
	EndGlobalSection
	GlobalSection(ProjectConfigurationPlatforms) = postSolution
		{D176F122-C0B2-463E-852E-F318A5EBE9F4}.Debug|Any CPU.ActiveCfg = Debug|Any CPU
		{D176F122-C0B2-463E-852E-F318A5EBE9F4}.Debug|Any CPU.Build.0 = Debug|Any CPU
		{D176F122-C0B2-463E-852E-F318A5EBE9F4}.Release|Any CPU.ActiveCfg = Release|Any CPU
		{D176F122-C0B2-463E-852E-F318A5EBE9F4}.Release|Any CPU.Build.0 = Release|Any CPU
	EndGlobalSection
	GlobalSection(SolutionProperties) = preSolution
		HideSolutionNode = FALSE
	EndGlobalSection
	GlobalSection(ExtensibilityGlobals) = postSolution
		SolutionGuid = {0A354DDC-89B2-4F80-882E-027CCEA0C33B}
	EndGlobalSection
EndGlobal
